
Microsoft Visual Studio Solution File, Format Version 12.00
# Visual Studio Version 16
VisualStudioVersion = 16.0.30114.105
MinimumVisualStudioVersion = 10.0.40219.1
Project("{2150E333-8FDC-42A3-9474-1A3956D46DE8}") = "src", "src", "{DA3E0FB8-2E10-4D31-8945-27A5A179489B}"
EndProject
Project("{FAE04EC0-301F-11D3-BF4B-00C04F79EFBC}") = "ReverseInt", "src\ReverseInt\ReverseInt.csproj", "{8B66C3A0-46DB-47FE-9BF6-D1007BC7BC17}"
EndProject
Project("{2150E333-8FDC-42A3-9474-1A3956D46DE8}") = "test", "test", "{8FF7EEEA-B4FA-423F-B9A4-4AAA522FBD44}"
EndProject
Project("{FAE04EC0-301F-11D3-BF4B-00C04F79EFBC}") = "3Sum.tests", "test\3Sum.tests\3Sum.tests.csproj", "{76B063E3-2E8F-4B0E-A550-147395DA557A}"
EndProject
Project("{FAE04EC0-301F-11D3-BF4B-00C04F79EFBC}") = "ReverseInt.Tests", "test\ReverseInt.tests\ReverseInt.Tests.csproj", "{EA64AD6A-9A14-4EFF-8349-11E8F5EF9CD1}"
EndProject
Project("{FAE04EC0-301F-11D3-BF4B-00C04F79EFBC}") = "3Sum", "src\3Sum\3Sum.csproj", "{857F6A7B-5E1F-4605-9192-A7183BC7AD0F}"
EndProject
Project("{FAE04EC0-301F-11D3-BF4B-00C04F79EFBC}") = "CombinationSum", "src\CombinationSum\CombinationSum.csproj", "{BC3E6AEB-FED4-42CD-92D9-6B2855A95483}"
EndProject
Project("{FAE04EC0-301F-11D3-BF4B-00C04F79EFBC}") = "CombinationSum.tests", "test\CombinationSum.tests\CombinationSum.tests.csproj", "{AFBBD8D9-82A2-431D-9E9A-6A61DE74B4B1}"
EndProject
Global
	GlobalSection(SolutionConfigurationPlatforms) = preSolution
		Debug|Any CPU = Debug|Any CPU
		Release|Any CPU = Release|Any CPU
	EndGlobalSection
	GlobalSection(SolutionProperties) = preSolution
		HideSolutionNode = FALSE
	EndGlobalSection
	GlobalSection(ProjectConfigurationPlatforms) = postSolution
		{8B66C3A0-46DB-47FE-9BF6-D1007BC7BC17}.Debug|Any CPU.ActiveCfg = Debug|Any CPU
		{8B66C3A0-46DB-47FE-9BF6-D1007BC7BC17}.Debug|Any CPU.Build.0 = Debug|Any CPU
		{8B66C3A0-46DB-47FE-9BF6-D1007BC7BC17}.Release|Any CPU.ActiveCfg = Release|Any CPU
		{8B66C3A0-46DB-47FE-9BF6-D1007BC7BC17}.Release|Any CPU.Build.0 = Release|Any CPU
		{76B063E3-2E8F-4B0E-A550-147395DA557A}.Debug|Any CPU.ActiveCfg = Debug|Any CPU
		{76B063E3-2E8F-4B0E-A550-147395DA557A}.Debug|Any CPU.Build.0 = Debug|Any CPU
		{76B063E3-2E8F-4B0E-A550-147395DA557A}.Release|Any CPU.ActiveCfg = Release|Any CPU
		{76B063E3-2E8F-4B0E-A550-147395DA557A}.Release|Any CPU.Build.0 = Release|Any CPU
		{EA64AD6A-9A14-4EFF-8349-11E8F5EF9CD1}.Debug|Any CPU.ActiveCfg = Debug|Any CPU
		{EA64AD6A-9A14-4EFF-8349-11E8F5EF9CD1}.Debug|Any CPU.Build.0 = Debug|Any CPU
		{EA64AD6A-9A14-4EFF-8349-11E8F5EF9CD1}.Release|Any CPU.ActiveCfg = Release|Any CPU
		{EA64AD6A-9A14-4EFF-8349-11E8F5EF9CD1}.Release|Any CPU.Build.0 = Release|Any CPU
		{857F6A7B-5E1F-4605-9192-A7183BC7AD0F}.Debug|Any CPU.ActiveCfg = Debug|Any CPU
		{857F6A7B-5E1F-4605-9192-A7183BC7AD0F}.Debug|Any CPU.Build.0 = Debug|Any CPU
		{857F6A7B-5E1F-4605-9192-A7183BC7AD0F}.Release|Any CPU.ActiveCfg = Release|Any CPU
		{857F6A7B-5E1F-4605-9192-A7183BC7AD0F}.Release|Any CPU.Build.0 = Release|Any CPU
		{BC3E6AEB-FED4-42CD-92D9-6B2855A95483}.Debug|Any CPU.ActiveCfg = Debug|Any CPU
		{BC3E6AEB-FED4-42CD-92D9-6B2855A95483}.Debug|Any CPU.Build.0 = Debug|Any CPU
		{BC3E6AEB-FED4-42CD-92D9-6B2855A95483}.Release|Any CPU.ActiveCfg = Release|Any CPU
		{BC3E6AEB-FED4-42CD-92D9-6B2855A95483}.Release|Any CPU.Build.0 = Release|Any CPU
		{AFBBD8D9-82A2-431D-9E9A-6A61DE74B4B1}.Debug|Any CPU.ActiveCfg = Debug|Any CPU
		{AFBBD8D9-82A2-431D-9E9A-6A61DE74B4B1}.Debug|Any CPU.Build.0 = Debug|Any CPU
		{AFBBD8D9-82A2-431D-9E9A-6A61DE74B4B1}.Release|Any CPU.ActiveCfg = Release|Any CPU
		{AFBBD8D9-82A2-431D-9E9A-6A61DE74B4B1}.Release|Any CPU.Build.0 = Release|Any CPU
	EndGlobalSection
	GlobalSection(NestedProjects) = preSolution
		{8B66C3A0-46DB-47FE-9BF6-D1007BC7BC17} = {DA3E0FB8-2E10-4D31-8945-27A5A179489B}
		{76B063E3-2E8F-4B0E-A550-147395DA557A} = {8FF7EEEA-B4FA-423F-B9A4-4AAA522FBD44}
		{EA64AD6A-9A14-4EFF-8349-11E8F5EF9CD1} = {8FF7EEEA-B4FA-423F-B9A4-4AAA522FBD44}
		{857F6A7B-5E1F-4605-9192-A7183BC7AD0F} = {DA3E0FB8-2E10-4D31-8945-27A5A179489B}
		{BC3E6AEB-FED4-42CD-92D9-6B2855A95483} = {DA3E0FB8-2E10-4D31-8945-27A5A179489B}
		{AFBBD8D9-82A2-431D-9E9A-6A61DE74B4B1} = {8FF7EEEA-B4FA-423F-B9A4-4AAA522FBD44}
	EndGlobalSection
EndGlobal
