
Microsoft Visual Studio Solution File, Format Version 12.00
# Visual Studio Version 16
VisualStudioVersion = 16.0.30114.105
MinimumVisualStudioVersion = 10.0.40219.1
Project("{2150E333-8FDC-42A3-9474-1A3956D46DE8}") = "src", "src", "{DA3E0FB8-2E10-4D31-8945-27A5A179489B}"
EndProject
Project("{FAE04EC0-301F-11D3-BF4B-00C04F79EFBC}") = "ReverseInt", "src\ReverseInt\ReverseInt.csproj", "{8B66C3A0-46DB-47FE-9BF6-D1007BC7BC17}"
EndProject
Project("{2150E333-8FDC-42A3-9474-1A3956D46DE8}") = "test", "test", "{8FF7EEEA-B4FA-423F-B9A4-4AAA522FBD44}"
EndProject
Project("{FAE04EC0-301F-11D3-BF4B-00C04F79EFBC}") = "ReverseInt.Tests", "test\ReverseInt.test\ReverseInt.Tests.csproj", "{2F9FB45B-0455-4D59-B0E1-FE9357CFEF16}"
EndProject
Global
	GlobalSection(SolutionConfigurationPlatforms) = preSolution
		Debug|Any CPU = Debug|Any CPU
		Release|Any CPU = Release|Any CPU
	EndGlobalSection
	GlobalSection(SolutionProperties) = preSolution
		HideSolutionNode = FALSE
	EndGlobalSection
	GlobalSection(ProjectConfigurationPlatforms) = postSolution
		{8B66C3A0-46DB-47FE-9BF6-D1007BC7BC17}.Debug|Any CPU.ActiveCfg = Debug|Any CPU
		{8B66C3A0-46DB-47FE-9BF6-D1007BC7BC17}.Debug|Any CPU.Build.0 = Debug|Any CPU
		{8B66C3A0-46DB-47FE-9BF6-D1007BC7BC17}.Release|Any CPU.ActiveCfg = Release|Any CPU
		{8B66C3A0-46DB-47FE-9BF6-D1007BC7BC17}.Release|Any CPU.Build.0 = Release|Any CPU
		{2F9FB45B-0455-4D59-B0E1-FE9357CFEF16}.Debug|Any CPU.ActiveCfg = Debug|Any CPU
		{2F9FB45B-0455-4D59-B0E1-FE9357CFEF16}.Debug|Any CPU.Build.0 = Debug|Any CPU
		{2F9FB45B-0455-4D59-B0E1-FE9357CFEF16}.Release|Any CPU.ActiveCfg = Release|Any CPU
		{2F9FB45B-0455-4D59-B0E1-FE9357CFEF16}.Release|Any CPU.Build.0 = Release|Any CPU
	EndGlobalSection
	GlobalSection(NestedProjects) = preSolution
		{8B66C3A0-46DB-47FE-9BF6-D1007BC7BC17} = {DA3E0FB8-2E10-4D31-8945-27A5A179489B}
		{2F9FB45B-0455-4D59-B0E1-FE9357CFEF16} = {8FF7EEEA-B4FA-423F-B9A4-4AAA522FBD44}
	EndGlobalSection
EndGlobal
